
Microsoft Visual Studio Solution File, Format Version 12.00
# Visual Studio Version 16
VisualStudioVersion = 16.0.31005.135
MinimumVisualStudioVersion = 10.0.40219.1
Project("{FAE04EC0-301F-11D3-BF4B-00C04F79EFBC}") = "GEM Code V3", "GEM Code V3.csproj", "{6FB9787D-2507-4EBC-B937-C0EF3A3BFFD5}"
EndProject
Global
	GlobalSection(SolutionConfigurationPlatforms) = preSolution
		Debug|Any CPU = Debug|Any CPU
		Release|Any CPU = Release|Any CPU
	EndGlobalSection
	GlobalSection(ProjectConfigurationPlatforms) = postSolution
		{6FB9787D-2507-4EBC-B937-C0EF3A3BFFD5}.Debug|Any CPU.ActiveCfg = Debug|Any CPU
		{6FB9787D-2507-4EBC-B937-C0EF3A3BFFD5}.Debug|Any CPU.Build.0 = Debug|Any CPU
		{6FB9787D-2507-4EBC-B937-C0EF3A3BFFD5}.Release|Any CPU.ActiveCfg = Release|Any CPU
		{6FB9787D-2507-4EBC-B937-C0EF3A3BFFD5}.Release|Any CPU.Build.0 = Release|Any CPU
	EndGlobalSection
	GlobalSection(SolutionProperties) = preSolution
		HideSolutionNode = FALSE
	EndGlobalSection
	GlobalSection(ExtensibilityGlobals) = postSolution
		SolutionGuid = {36CA7E16-AF1D-4C1C-8A0A-44AA7426A28A}
	EndGlobalSection
EndGlobal
